
Microsoft Visual Studio Solution File, Format Version 12.00
# Visual Studio 15
VisualStudioVersion = 15.0.28307.1209
MinimumVisualStudioVersion = 10.0.40219.1
Project("{FAE04EC0-301F-11D3-BF4B-00C04F79EFBC}") = "View", "LibraryManagement\View.csproj", "{7BE2E7BD-3F11-4E69-A7AF-9CA12BD81FA3}"
EndProject
Project("{FAE04EC0-301F-11D3-BF4B-00C04F79EFBC}") = "Model", "Model\Model.csproj", "{C46D7DB0-B8E8-441B-BAFB-01C9E17307EA}"
EndProject
Project("{FAE04EC0-301F-11D3-BF4B-00C04F79EFBC}") = "ViewModel", "ViewModel\ViewModel.csproj", "{892456A0-A337-44BB-9534-DA5E0D6E8CAE}"
EndProject
Project("{FAE04EC0-301F-11D3-BF4B-00C04F79EFBC}") = "ConsoleApp", "ConsoleApp\ConsoleApp.csproj", "{F182D595-3979-4F02-9AD7-844BDF00A0AE}"
EndProject
Global
	GlobalSection(SolutionConfigurationPlatforms) = preSolution
		Debug|Any CPU = Debug|Any CPU
		Release|Any CPU = Release|Any CPU
	EndGlobalSection
	GlobalSection(ProjectConfigurationPlatforms) = postSolution
		{7BE2E7BD-3F11-4E69-A7AF-9CA12BD81FA3}.Debug|Any CPU.ActiveCfg = Debug|Any CPU
		{7BE2E7BD-3F11-4E69-A7AF-9CA12BD81FA3}.Debug|Any CPU.Build.0 = Debug|Any CPU
		{7BE2E7BD-3F11-4E69-A7AF-9CA12BD81FA3}.Release|Any CPU.ActiveCfg = Release|Any CPU
		{7BE2E7BD-3F11-4E69-A7AF-9CA12BD81FA3}.Release|Any CPU.Build.0 = Release|Any CPU
		{C46D7DB0-B8E8-441B-BAFB-01C9E17307EA}.Debug|Any CPU.ActiveCfg = Debug|Any CPU
		{C46D7DB0-B8E8-441B-BAFB-01C9E17307EA}.Debug|Any CPU.Build.0 = Debug|Any CPU
		{C46D7DB0-B8E8-441B-BAFB-01C9E17307EA}.Release|Any CPU.ActiveCfg = Release|Any CPU
		{C46D7DB0-B8E8-441B-BAFB-01C9E17307EA}.Release|Any CPU.Build.0 = Release|Any CPU
		{892456A0-A337-44BB-9534-DA5E0D6E8CAE}.Debug|Any CPU.ActiveCfg = Debug|Any CPU
		{892456A0-A337-44BB-9534-DA5E0D6E8CAE}.Debug|Any CPU.Build.0 = Debug|Any CPU
		{892456A0-A337-44BB-9534-DA5E0D6E8CAE}.Release|Any CPU.ActiveCfg = Release|Any CPU
		{892456A0-A337-44BB-9534-DA5E0D6E8CAE}.Release|Any CPU.Build.0 = Release|Any CPU
		{F182D595-3979-4F02-9AD7-844BDF00A0AE}.Debug|Any CPU.ActiveCfg = Debug|Any CPU
		{F182D595-3979-4F02-9AD7-844BDF00A0AE}.Debug|Any CPU.Build.0 = Debug|Any CPU
		{F182D595-3979-4F02-9AD7-844BDF00A0AE}.Release|Any CPU.ActiveCfg = Release|Any CPU
		{F182D595-3979-4F02-9AD7-844BDF00A0AE}.Release|Any CPU.Build.0 = Release|Any CPU
	EndGlobalSection
	GlobalSection(SolutionProperties) = preSolution
		HideSolutionNode = FALSE
	EndGlobalSection
	GlobalSection(ExtensibilityGlobals) = postSolution
		SolutionGuid = {0A30DD7B-69F0-4B2E-B41E-A96176523490}
	EndGlobalSection
EndGlobal
